id: ofdm_prs_ranging_pluto_prs_responder
label: Pluto PRS Responder
category: '[ofdm_prs_ranging]/Pluto'
templates:
  imports: from gnuradio import ofdm_prs_ranging
  make: ofdm_prs_ranging.pluto_prs_responder(${guard_samples})
parameters:
- {id: guard_samples, label: Response Guard Samples, dtype: int, default: 0}
inputs:
- {label: frame_in, domain: message}
outputs:
- {label: trigger_out, domain: message}
file_format: 1
